// !$*UTF8*$!
{
	archiveVersion = 1;
	classes = {
	};
	objectVersion = 56;
	objects = {

/* Begin PBXBuildFile section */
		353367112C215919003C561C /* GoogleService-Info.plist in Resources */ = {isa = PBXBuildFile; fileRef = 353367102C215919003C561C /* GoogleService-Info.plist */; };
		353367162C2175B4003C561C /* FirebaseAnalytics in Frameworks */ = {isa = PBXBuildFile; productRef = 353367152C2175B4003C561C /* FirebaseAnalytics */; };
		35459A962BF5E64D0049A19C /* AllogdallogApp.swift in Sources */ = {isa = PBXBuildFile; fileRef = 35459A952BF5E64D0049A19C /* AllogdallogApp.swift */; };
		35459A982BF5E64D0049A19C /* ContentView.swift in Sources */ = {isa = PBXBuildFile; fileRef = 35459A972BF5E64D0049A19C /* ContentView.swift */; };
		35459A9A2BF5E64F0049A19C /* Assets.xcassets in Resources */ = {isa = PBXBuildFile; fileRef = 35459A992BF5E64F0049A19C /* Assets.xcassets */; };
		35459A9E2BF5E64F0049A19C /* Preview Assets.xcassets in Resources */ = {isa = PBXBuildFile; fileRef = 35459A9D2BF5E64F0049A19C /* Preview Assets.xcassets */; };
		358537792C20214500D65E23 /* Home.swift in Sources */ = {isa = PBXBuildFile; fileRef = 358537782C20214500D65E23 /* Home.swift */; };
		3585377B2C20215000D65E23 /* Calendar.swift in Sources */ = {isa = PBXBuildFile; fileRef = 3585377A2C20215000D65E23 /* Calendar.swift */; };
		3585377D2C20216100D65E23 /* MyPage.swift in Sources */ = {isa = PBXBuildFile; fileRef = 3585377C2C20216100D65E23 /* MyPage.swift */; };
		35A5118B2C58D9EB00DA8668 /* .gitignore in Resources */ = {isa = PBXBuildFile; fileRef = 35A5118A2C58D9EB00DA8668 /* .gitignore */; };
		35D259AB2C3D325C0052127B /* User.swift in Sources */ = {isa = PBXBuildFile; fileRef = 35D259AA2C3D325C0052127B /* User.swift */; };
		35D259AD2C3D35620052127B /* SignIn.swift in Sources */ = {isa = PBXBuildFile; fileRef = 35D259AC2C3D35620052127B /* SignIn.swift */; };
		35D259BF2C3D3E590052127B /* FirebaseAnalyticsOnDeviceConversion in Frameworks */ = {isa = PBXBuildFile; productRef = 35D259BE2C3D3E590052127B /* FirebaseAnalyticsOnDeviceConversion */; };
		35D259C12C3D3E590052127B /* FirebaseAnalyticsSwift in Frameworks */ = {isa = PBXBuildFile; productRef = 35D259C02C3D3E590052127B /* FirebaseAnalyticsSwift */; };
		35D259C32C3D3E590052127B /* FirebaseAnalyticsWithoutAdIdSupport in Frameworks */ = {isa = PBXBuildFile; productRef = 35D259C22C3D3E590052127B /* FirebaseAnalyticsWithoutAdIdSupport */; };
		35D259C52C3D3E590052127B /* FirebaseAppCheck in Frameworks */ = {isa = PBXBuildFile; productRef = 35D259C42C3D3E590052127B /* FirebaseAppCheck */; };
		35D259C72C3D3E590052127B /* FirebaseAppDistribution-Beta in Frameworks */ = {isa = PBXBuildFile; productRef = 35D259C62C3D3E590052127B /* FirebaseAppDistribution-Beta */; };
		35D259C92C3D3E590052127B /* FirebaseAuth in Frameworks */ = {isa = PBXBuildFile; productRef = 35D259C82C3D3E590052127B /* FirebaseAuth */; };
		35D259CB2C3D3E590052127B /* FirebaseAuthCombine-Community in Frameworks */ = {isa = PBXBuildFile; productRef = 35D259CA2C3D3E590052127B /* FirebaseAuthCombine-Community */; };
		35D259CD2C3D3E590052127B /* FirebaseCrashlytics in Frameworks */ = {isa = PBXBuildFile; productRef = 35D259CC2C3D3E590052127B /* FirebaseCrashlytics */; };
		35D259CF2C3D3E590052127B /* FirebaseDatabase in Frameworks */ = {isa = PBXBuildFile; productRef = 35D259CE2C3D3E590052127B /* FirebaseDatabase */; };
		35D259D12C3D3E590052127B /* FirebaseDatabaseSwift in Frameworks */ = {isa = PBXBuildFile; productRef = 35D259D02C3D3E590052127B /* FirebaseDatabaseSwift */; };
		35D259D32C3D3E590052127B /* FirebaseDynamicLinks in Frameworks */ = {isa = PBXBuildFile; productRef = 35D259D22C3D3E590052127B /* FirebaseDynamicLinks */; };
		35D259D52C3D3E590052127B /* FirebaseFirestore in Frameworks */ = {isa = PBXBuildFile; productRef = 35D259D42C3D3E590052127B /* FirebaseFirestore */; };
		35D259D72C3D3E590052127B /* FirebaseFirestoreCombine-Community in Frameworks */ = {isa = PBXBuildFile; productRef = 35D259D62C3D3E590052127B /* FirebaseFirestoreCombine-Community */; };
		35D259D92C3D3E590052127B /* FirebaseFirestoreSwift in Frameworks */ = {isa = PBXBuildFile; productRef = 35D259D82C3D3E590052127B /* FirebaseFirestoreSwift */; };
		35D259DB2C3D3E590052127B /* FirebaseFunctions in Frameworks */ = {isa = PBXBuildFile; productRef = 35D259DA2C3D3E590052127B /* FirebaseFunctions */; };
		35D259DD2C3D3E590052127B /* FirebaseFunctionsCombine-Community in Frameworks */ = {isa = PBXBuildFile; productRef = 35D259DC2C3D3E590052127B /* FirebaseFunctionsCombine-Community */; };
		35D259DF2C3D3E590052127B /* FirebaseInAppMessaging-Beta in Frameworks */ = {isa = PBXBuildFile; productRef = 35D259DE2C3D3E590052127B /* FirebaseInAppMessaging-Beta */; };
		35D259E12C3D3E5A0052127B /* FirebaseInAppMessagingSwift-Beta in Frameworks */ = {isa = PBXBuildFile; productRef = 35D259E02C3D3E590052127B /* FirebaseInAppMessagingSwift-Beta */; };
		35D259E32C3D3E5A0052127B /* FirebaseInstallations in Frameworks */ = {isa = PBXBuildFile; productRef = 35D259E22C3D3E5A0052127B /* FirebaseInstallations */; };
		35D259E52C3D3E5A0052127B /* FirebaseMLModelDownloader in Frameworks */ = {isa = PBXBuildFile; productRef = 35D259E42C3D3E5A0052127B /* FirebaseMLModelDownloader */; };
		35D259E72C3D3E5A0052127B /* FirebaseMessaging in Frameworks */ = {isa = PBXBuildFile; productRef = 35D259E62C3D3E5A0052127B /* FirebaseMessaging */; };
		35D259E92C3D3E5A0052127B /* FirebasePerformance in Frameworks */ = {isa = PBXBuildFile; productRef = 35D259E82C3D3E5A0052127B /* FirebasePerformance */; };
		35D259EB2C3D3E5A0052127B /* FirebaseRemoteConfig in Frameworks */ = {isa = PBXBuildFile; productRef = 35D259EA2C3D3E5A0052127B /* FirebaseRemoteConfig */; };
		35D259ED2C3D3E5A0052127B /* FirebaseRemoteConfigSwift in Frameworks */ = {isa = PBXBuildFile; productRef = 35D259EC2C3D3E5A0052127B /* FirebaseRemoteConfigSwift */; };
		35D259EF2C3D3E5A0052127B /* FirebaseStorage in Frameworks */ = {isa = PBXBuildFile; productRef = 35D259EE2C3D3E5A0052127B /* FirebaseStorage */; };
		35D259F12C3D3E5A0052127B /* FirebaseStorageCombine-Community in Frameworks */ = {isa = PBXBuildFile; productRef = 35D259F02C3D3E5A0052127B /* FirebaseStorageCombine-Community */; };
		35D259F32C3D3E5A0052127B /* FirebaseVertexAI-Preview in Frameworks */ = {isa = PBXBuildFile; productRef = 35D259F22C3D3E5A0052127B /* FirebaseVertexAI-Preview */; };
		35D259F52C3D3ECF0052127B /* SignUp.swift in Sources */ = {isa = PBXBuildFile; fileRef = 35D259F42C3D3ECF0052127B /* SignUp.swift */; };
		35D259F72C3D3EE50052127B /* SignUpViewModel.swift in Sources */ = {isa = PBXBuildFile; fileRef = 35D259F62C3D3EE50052127B /* SignUpViewModel.swift */; };
		35D259F92C3D5E400052127B /* ImagePicker.swift in Sources */ = {isa = PBXBuildFile; fileRef = 35D259F82C3D5E400052127B /* ImagePicker.swift */; };
		35E1F2A02C53AC7C00E163C2 /* SignInViewModel.swift in Sources */ = {isa = PBXBuildFile; fileRef = 35E1F29F2C53AC7C00E163C2 /* SignInViewModel.swift */; };
/* End PBXBuildFile section */

/* Begin PBXFileReference section */
		353367102C215919003C561C /* GoogleService-Info.plist */ = {isa = PBXFileReference; fileEncoding = 4; lastKnownFileType = text.plist.xml; path = "GoogleService-Info.plist"; sourceTree = "<group>"; };
		35459A922BF5E64D0049A19C /* Allogdallog.app */ = {isa = PBXFileReference; explicitFileType = wrapper.application; includeInIndex = 0; path = Allogdallog.app; sourceTree = BUILT_PRODUCTS_DIR; };
		35459A952BF5E64D0049A19C /* AllogdallogApp.swift */ = {isa = PBXFileReference; lastKnownFileType = sourcecode.swift; path = AllogdallogApp.swift; sourceTree = "<group>"; };
		35459A972BF5E64D0049A19C /* ContentView.swift */ = {isa = PBXFileReference; lastKnownFileType = sourcecode.swift; path = ContentView.swift; sourceTree = "<group>"; };
		35459A992BF5E64F0049A19C /* Assets.xcassets */ = {isa = PBXFileReference; lastKnownFileType = folder.assetcatalog; path = Assets.xcassets; sourceTree = "<group>"; };
		35459A9B2BF5E64F0049A19C /* Allogdallog.entitlements */ = {isa = PBXFileReference; lastKnownFileType = text.plist.entitlements; path = Allogdallog.entitlements; sourceTree = "<group>"; };
		35459A9D2BF5E64F0049A19C /* Preview Assets.xcassets */ = {isa = PBXFileReference; lastKnownFileType = folder.assetcatalog; path = "Preview Assets.xcassets"; sourceTree = "<group>"; };
		358537782C20214500D65E23 /* Home.swift */ = {isa = PBXFileReference; lastKnownFileType = sourcecode.swift; path = Home.swift; sourceTree = "<group>"; };
		3585377A2C20215000D65E23 /* Calendar.swift */ = {isa = PBXFileReference; lastKnownFileType = sourcecode.swift; path = Calendar.swift; sourceTree = "<group>"; };
		3585377C2C20216100D65E23 /* MyPage.swift */ = {isa = PBXFileReference; lastKnownFileType = sourcecode.swift; path = MyPage.swift; sourceTree = "<group>"; };
		35A5118A2C58D9EB00DA8668 /* .gitignore */ = {isa = PBXFileReference; lastKnownFileType = text; path = .gitignore; sourceTree = "<group>"; };
		35D259AA2C3D325C0052127B /* User.swift */ = {isa = PBXFileReference; lastKnownFileType = sourcecode.swift; path = User.swift; sourceTree = "<group>"; };
		35D259AC2C3D35620052127B /* SignIn.swift */ = {isa = PBXFileReference; lastKnownFileType = sourcecode.swift; path = SignIn.swift; sourceTree = "<group>"; };
		35D259F42C3D3ECF0052127B /* SignUp.swift */ = {isa = PBXFileReference; lastKnownFileType = sourcecode.swift; path = SignUp.swift; sourceTree = "<group>"; };
		35D259F62C3D3EE50052127B /* SignUpViewModel.swift */ = {isa = PBXFileReference; lastKnownFileType = sourcecode.swift; path = SignUpViewModel.swift; sourceTree = "<group>"; };
		35D259F82C3D5E400052127B /* ImagePicker.swift */ = {isa = PBXFileReference; lastKnownFileType = sourcecode.swift; path = ImagePicker.swift; sourceTree = "<group>"; };
		35E1F29F2C53AC7C00E163C2 /* SignInViewModel.swift */ = {isa = PBXFileReference; lastKnownFileType = sourcecode.swift; path = SignInViewModel.swift; sourceTree = "<group>"; };
/* End PBXFileReference section */

/* Begin PBXFrameworksBuildPhase section */
		35459A8F2BF5E64D0049A19C /* Frameworks */ = {
			isa = PBXFrameworksBuildPhase;
			buildActionMask = 2147483647;
			files = (
				35D259CF2C3D3E590052127B /* FirebaseDatabase in Frameworks */,
				35D259DD2C3D3E590052127B /* FirebaseFunctionsCombine-Community in Frameworks */,
				35D259D52C3D3E590052127B /* FirebaseFirestore in Frameworks */,
				35D259C12C3D3E590052127B /* FirebaseAnalyticsSwift in Frameworks */,
				353367162C2175B4003C561C /* FirebaseAnalytics in Frameworks */,
				35D259BF2C3D3E590052127B /* FirebaseAnalyticsOnDeviceConversion in Frameworks */,
				35D259E52C3D3E5A0052127B /* FirebaseMLModelDownloader in Frameworks */,
				35D259D92C3D3E590052127B /* FirebaseFirestoreSwift in Frameworks */,
				35D259C52C3D3E590052127B /* FirebaseAppCheck in Frameworks */,
				35D259C32C3D3E590052127B /* FirebaseAnalyticsWithoutAdIdSupport in Frameworks */,
				35D259C92C3D3E590052127B /* FirebaseAuth in Frameworks */,
				35D259CD2C3D3E590052127B /* FirebaseCrashlytics in Frameworks */,
				35D259ED2C3D3E5A0052127B /* FirebaseRemoteConfigSwift in Frameworks */,
				35D259DF2C3D3E590052127B /* FirebaseInAppMessaging-Beta in Frameworks */,
				35D259D12C3D3E590052127B /* FirebaseDatabaseSwift in Frameworks */,
				35D259DB2C3D3E590052127B /* FirebaseFunctions in Frameworks */,
				35D259F12C3D3E5A0052127B /* FirebaseStorageCombine-Community in Frameworks */,
				35D259EB2C3D3E5A0052127B /* FirebaseRemoteConfig in Frameworks */,
				35D259C72C3D3E590052127B /* FirebaseAppDistribution-Beta in Frameworks */,
				35D259CB2C3D3E590052127B /* FirebaseAuthCombine-Community in Frameworks */,
				35D259E92C3D3E5A0052127B /* FirebasePerformance in Frameworks */,
				35D259E12C3D3E5A0052127B /* FirebaseInAppMessagingSwift-Beta in Frameworks */,
				35D259EF2C3D3E5A0052127B /* FirebaseStorage in Frameworks */,
				35D259D32C3D3E590052127B /* FirebaseDynamicLinks in Frameworks */,
				35D259F32C3D3E5A0052127B /* FirebaseVertexAI-Preview in Frameworks */,
				35D259D72C3D3E590052127B /* FirebaseFirestoreCombine-Community in Frameworks */,
				35D259E72C3D3E5A0052127B /* FirebaseMessaging in Frameworks */,
				35D259E32C3D3E5A0052127B /* FirebaseInstallations in Frameworks */,
			);
			runOnlyForDeploymentPostprocessing = 0;
		};
/* End PBXFrameworksBuildPhase section */

/* Begin PBXGroup section */
		35459A892BF5E64D0049A19C = {
			isa = PBXGroup;
			children = (
				35A5118A2C58D9EB00DA8668 /* .gitignore */,
				35459A942BF5E64D0049A19C /* Allogdallog */,
				35459A932BF5E64D0049A19C /* Products */,
			);
			sourceTree = "<group>";
		};
		35459A932BF5E64D0049A19C /* Products */ = {
			isa = PBXGroup;
			children = (
				35459A922BF5E64D0049A19C /* Allogdallog.app */,
			);
			name = Products;
			sourceTree = "<group>";
		};
		35459A942BF5E64D0049A19C /* Allogdallog */ = {
			isa = PBXGroup;
			children = (
				353367102C215919003C561C /* GoogleService-Info.plist */,
				35459A952BF5E64D0049A19C /* AllogdallogApp.swift */,
				35459A972BF5E64D0049A19C /* ContentView.swift */,
				35C256E32C00681A00718555 /* Models */,
				35C256E22C0067FB00718555 /* ViewModels */,
				3545AA772BF5E99700516D3F /* Views */,
				35459A992BF5E64F0049A19C /* Assets.xcassets */,
				35459A9B2BF5E64F0049A19C /* Allogdallog.entitlements */,
				35459A9C2BF5E64F0049A19C /* Preview Content */,
			);
			path = Allogdallog;
			sourceTree = "<group>";
		};
		35459A9C2BF5E64F0049A19C /* Preview Content */ = {
			isa = PBXGroup;
			children = (
				35459A9D2BF5E64F0049A19C /* Preview Assets.xcassets */,
			);
			path = "Preview Content";
			sourceTree = "<group>";
		};
		3545AA772BF5E99700516D3F /* Views */ = {
			isa = PBXGroup;
			children = (
				358537782C20214500D65E23 /* Home.swift */,
				3585377A2C20215000D65E23 /* Calendar.swift */,
				3585377C2C20216100D65E23 /* MyPage.swift */,
				35D259AC2C3D35620052127B /* SignIn.swift */,
				35D259F42C3D3ECF0052127B /* SignUp.swift */,
			);
			path = Views;
			sourceTree = "<group>";
		};
		35C256E22C0067FB00718555 /* ViewModels */ = {
			isa = PBXGroup;
			children = (
				35D259F62C3D3EE50052127B /* SignUpViewModel.swift */,
				35D259F82C3D5E400052127B /* ImagePicker.swift */,
				35E1F29F2C53AC7C00E163C2 /* SignInViewModel.swift */,
			);
			path = ViewModels;
			sourceTree = "<group>";
		};
		35C256E32C00681A00718555 /* Models */ = {
			isa = PBXGroup;
			children = (
				35D259AA2C3D325C0052127B /* User.swift */,
			);
			path = Models;
			sourceTree = "<group>";
		};
/* End PBXGroup section */

/* Begin PBXNativeTarget section */
		35459A912BF5E64D0049A19C /* Allogdallog */ = {
			isa = PBXNativeTarget;
			buildConfigurationList = 35459AA12BF5E64F0049A19C /* Build configuration list for PBXNativeTarget "Allogdallog" */;
			buildPhases = (
				35459A8E2BF5E64D0049A19C /* Sources */,
				35459A8F2BF5E64D0049A19C /* Frameworks */,
				35459A902BF5E64D0049A19C /* Resources */,
			);
			buildRules = (
			);
			dependencies = (
			);
			name = Allogdallog;
			packageProductDependencies = (
				353367152C2175B4003C561C /* FirebaseAnalytics */,
				35D259BE2C3D3E590052127B /* FirebaseAnalyticsOnDeviceConversion */,
				35D259C02C3D3E590052127B /* FirebaseAnalyticsSwift */,
				35D259C22C3D3E590052127B /* FirebaseAnalyticsWithoutAdIdSupport */,
				35D259C42C3D3E590052127B /* FirebaseAppCheck */,
				35D259C62C3D3E590052127B /* FirebaseAppDistribution-Beta */,
				35D259C82C3D3E590052127B /* FirebaseAuth */,
				35D259CA2C3D3E590052127B /* FirebaseAuthCombine-Community */,
				35D259CC2C3D3E590052127B /* FirebaseCrashlytics */,
				35D259CE2C3D3E590052127B /* FirebaseDatabase */,
				35D259D02C3D3E590052127B /* FirebaseDatabaseSwift */,
				35D259D22C3D3E590052127B /* FirebaseDynamicLinks */,
				35D259D42C3D3E590052127B /* FirebaseFirestore */,
				35D259D62C3D3E590052127B /* FirebaseFirestoreCombine-Community */,
				35D259D82C3D3E590052127B /* FirebaseFirestoreSwift */,
				35D259DA2C3D3E590052127B /* FirebaseFunctions */,
				35D259DC2C3D3E590052127B /* FirebaseFunctionsCombine-Community */,
				35D259DE2C3D3E590052127B /* FirebaseInAppMessaging-Beta */,
				35D259E02C3D3E590052127B /* FirebaseInAppMessagingSwift-Beta */,
				35D259E22C3D3E5A0052127B /* FirebaseInstallations */,
				35D259E42C3D3E5A0052127B /* FirebaseMLModelDownloader */,
				35D259E62C3D3E5A0052127B /* FirebaseMessaging */,
				35D259E82C3D3E5A0052127B /* FirebasePerformance */,
				35D259EA2C3D3E5A0052127B /* FirebaseRemoteConfig */,
				35D259EC2C3D3E5A0052127B /* FirebaseRemoteConfigSwift */,
				35D259EE2C3D3E5A0052127B /* FirebaseStorage */,
				35D259F02C3D3E5A0052127B /* FirebaseStorageCombine-Community */,
				35D259F22C3D3E5A0052127B /* FirebaseVertexAI-Preview */,
			);
			productName = Allogdallog;
			productReference = 35459A922BF5E64D0049A19C /* Allogdallog.app */;
			productType = "com.apple.product-type.application";
		};
/* End PBXNativeTarget section */

/* Begin PBXProject section */
		35459A8A2BF5E64D0049A19C /* Project object */ = {
			isa = PBXProject;
			attributes = {
				BuildIndependentTargetsInParallel = 1;
				LastSwiftUpdateCheck = 1530;
				LastUpgradeCheck = 1530;
				TargetAttributes = {
					35459A912BF5E64D0049A19C = {
						CreatedOnToolsVersion = 15.3;
					};
				};
			};
			buildConfigurationList = 35459A8D2BF5E64D0049A19C /* Build configuration list for PBXProject "Allogdallog" */;
			compatibilityVersion = "Xcode 14.0";
			developmentRegion = en;
			hasScannedForEncodings = 0;
			knownRegions = (
				en,
				Base,
			);
			mainGroup = 35459A892BF5E64D0049A19C;
			packageReferences = (
				353367142C2175B4003C561C /* XCRemoteSwiftPackageReference "firebase-ios-sdk" */,
			);
			productRefGroup = 35459A932BF5E64D0049A19C /* Products */;
			projectDirPath = "";
			projectRoot = "";
			targets = (
				35459A912BF5E64D0049A19C /* Allogdallog */,
			);
		};
/* End PBXProject section */

/* Begin PBXResourcesBuildPhase section */
		35459A902BF5E64D0049A19C /* Resources */ = {
			isa = PBXResourcesBuildPhase;
			buildActionMask = 2147483647;
			files = (
				35A5118B2C58D9EB00DA8668 /* .gitignore in Resources */,
				35459A9E2BF5E64F0049A19C /* Preview Assets.xcassets in Resources */,
				35459A9A2BF5E64F0049A19C /* Assets.xcassets in Resources */,
				353367112C215919003C561C /* GoogleService-Info.plist in Resources */,
			);
			runOnlyForDeploymentPostprocessing = 0;
		};
/* End PBXResourcesBuildPhase section */

/* Begin PBXSourcesBuildPhase section */
		35459A8E2BF5E64D0049A19C /* Sources */ = {
			isa = PBXSourcesBuildPhase;
			buildActionMask = 2147483647;
			files = (
				3585377D2C20216100D65E23 /* MyPage.swift in Sources */,
				35459A982BF5E64D0049A19C /* ContentView.swift in Sources */,
				35D259F72C3D3EE50052127B /* SignUpViewModel.swift in Sources */,
				358537792C20214500D65E23 /* Home.swift in Sources */,
				35459A962BF5E64D0049A19C /* AllogdallogApp.swift in Sources */,
				35D259AD2C3D35620052127B /* SignIn.swift in Sources */,
				35D259AB2C3D325C0052127B /* User.swift in Sources */,
				35D259F92C3D5E400052127B /* ImagePicker.swift in Sources */,
				35E1F2A02C53AC7C00E163C2 /* SignInViewModel.swift in Sources */,
				35D259F52C3D3ECF0052127B /* SignUp.swift in Sources */,
				3585377B2C20215000D65E23 /* Calendar.swift in Sources */,
			);
			runOnlyForDeploymentPostprocessing = 0;
		};
/* End PBXSourcesBuildPhase section */

/* Begin XCBuildConfiguration section */
		35459A9F2BF5E64F0049A19C /* Debug */ = {
			isa = XCBuildConfiguration;
			buildSettings = {
				ALWAYS_SEARCH_USER_PATHS = NO;
				ASSETCATALOG_COMPILER_GENERATE_SWIFT_ASSET_SYMBOL_EXTENSIONS = YES;
				CLANG_ANALYZER_NONNULL = YES;
				CLANG_ANALYZER_NUMBER_OBJECT_CONVERSION = YES_AGGRESSIVE;
				CLANG_CXX_LANGUAGE_STANDARD = "gnu++20";
				CLANG_ENABLE_MODULES = YES;
				CLANG_ENABLE_OBJC_ARC = YES;
				CLANG_ENABLE_OBJC_WEAK = YES;
				CLANG_WARN_BLOCK_CAPTURE_AUTORELEASING = YES;
				CLANG_WARN_BOOL_CONVERSION = YES;
				CLANG_WARN_COMMA = YES;
				CLANG_WARN_CONSTANT_CONVERSION = YES;
				CLANG_WARN_DEPRECATED_OBJC_IMPLEMENTATIONS = YES;
				CLANG_WARN_DIRECT_OBJC_ISA_USAGE = YES_ERROR;
				CLANG_WARN_DOCUMENTATION_COMMENTS = YES;
				CLANG_WARN_EMPTY_BODY = YES;
				CLANG_WARN_ENUM_CONVERSION = YES;
				CLANG_WARN_INFINITE_RECURSION = YES;
				CLANG_WARN_INT_CONVERSION = YES;
				CLANG_WARN_NON_LITERAL_NULL_CONVERSION = YES;
				CLANG_WARN_OBJC_IMPLICIT_RETAIN_SELF = YES;
				CLANG_WARN_OBJC_LITERAL_CONVERSION = YES;
				CLANG_WARN_OBJC_ROOT_CLASS = YES_ERROR;
				CLANG_WARN_QUOTED_INCLUDE_IN_FRAMEWORK_HEADER = YES;
				CLANG_WARN_RANGE_LOOP_ANALYSIS = YES;
				CLANG_WARN_STRICT_PROTOTYPES = YES;
				CLANG_WARN_SUSPICIOUS_MOVE = YES;
				CLANG_WARN_UNGUARDED_AVAILABILITY = YES_AGGRESSIVE;
				CLANG_WARN_UNREACHABLE_CODE = YES;
				CLANG_WARN__DUPLICATE_METHOD_MATCH = YES;
				COPY_PHASE_STRIP = NO;
				DEBUG_INFORMATION_FORMAT = dwarf;
				ENABLE_STRICT_OBJC_MSGSEND = YES;
				ENABLE_TESTABILITY = YES;
				ENABLE_USER_SCRIPT_SANDBOXING = YES;
				GCC_C_LANGUAGE_STANDARD = gnu17;
				GCC_DYNAMIC_NO_PIC = NO;
				GCC_NO_COMMON_BLOCKS = YES;
				GCC_OPTIMIZATION_LEVEL = 0;
				GCC_PREPROCESSOR_DEFINITIONS = (
					"DEBUG=1",
					"$(inherited)",
				);
				GCC_WARN_64_TO_32_BIT_CONVERSION = YES;
				GCC_WARN_ABOUT_RETURN_TYPE = YES_ERROR;
				GCC_WARN_UNDECLARED_SELECTOR = YES;
				GCC_WARN_UNINITIALIZED_AUTOS = YES_AGGRESSIVE;
				GCC_WARN_UNUSED_FUNCTION = YES;
				GCC_WARN_UNUSED_VARIABLE = YES;
				LOCALIZATION_PREFERS_STRING_CATALOGS = YES;
				MTL_ENABLE_DEBUG_INFO = INCLUDE_SOURCE;
				MTL_FAST_MATH = YES;
				ONLY_ACTIVE_ARCH = YES;
				SWIFT_ACTIVE_COMPILATION_CONDITIONS = "DEBUG $(inherited)";
				SWIFT_OPTIMIZATION_LEVEL = "-Onone";
			};
			name = Debug;
		};
		35459AA02BF5E64F0049A19C /* Release */ = {
			isa = XCBuildConfiguration;
			buildSettings = {
				ALWAYS_SEARCH_USER_PATHS = NO;
				ASSETCATALOG_COMPILER_GENERATE_SWIFT_ASSET_SYMBOL_EXTENSIONS = YES;
				CLANG_ANALYZER_NONNULL = YES;
				CLANG_ANALYZER_NUMBER_OBJECT_CONVERSION = YES_AGGRESSIVE;
				CLANG_CXX_LANGUAGE_STANDARD = "gnu++20";
				CLANG_ENABLE_MODULES = YES;
				CLANG_ENABLE_OBJC_ARC = YES;
				CLANG_ENABLE_OBJC_WEAK = YES;
				CLANG_WARN_BLOCK_CAPTURE_AUTORELEASING = YES;
				CLANG_WARN_BOOL_CONVERSION = YES;
				CLANG_WARN_COMMA = YES;
				CLANG_WARN_CONSTANT_CONVERSION = YES;
				CLANG_WARN_DEPRECATED_OBJC_IMPLEMENTATIONS = YES;
				CLANG_WARN_DIRECT_OBJC_ISA_USAGE = YES_ERROR;
				CLANG_WARN_DOCUMENTATION_COMMENTS = YES;
				CLANG_WARN_EMPTY_BODY = YES;
				CLANG_WARN_ENUM_CONVERSION = YES;
				CLANG_WARN_INFINITE_RECURSION = YES;
				CLANG_WARN_INT_CONVERSION = YES;
				CLANG_WARN_NON_LITERAL_NULL_CONVERSION = YES;
				CLANG_WARN_OBJC_IMPLICIT_RETAIN_SELF = YES;
				CLANG_WARN_OBJC_LITERAL_CONVERSION = YES;
				CLANG_WARN_OBJC_ROOT_CLASS = YES_ERROR;
				CLANG_WARN_QUOTED_INCLUDE_IN_FRAMEWORK_HEADER = YES;
				CLANG_WARN_RANGE_LOOP_ANALYSIS = YES;
				CLANG_WARN_STRICT_PROTOTYPES = YES;
				CLANG_WARN_SUSPICIOUS_MOVE = YES;
				CLANG_WARN_UNGUARDED_AVAILABILITY = YES_AGGRESSIVE;
				CLANG_WARN_UNREACHABLE_CODE = YES;
				CLANG_WARN__DUPLICATE_METHOD_MATCH = YES;
				COPY_PHASE_STRIP = NO;
				DEBUG_INFORMATION_FORMAT = "dwarf-with-dsym";
				ENABLE_NS_ASSERTIONS = NO;
				ENABLE_STRICT_OBJC_MSGSEND = YES;
				ENABLE_USER_SCRIPT_SANDBOXING = YES;
				GCC_C_LANGUAGE_STANDARD = gnu17;
				GCC_NO_COMMON_BLOCKS = YES;
				GCC_WARN_64_TO_32_BIT_CONVERSION = YES;
				GCC_WARN_ABOUT_RETURN_TYPE = YES_ERROR;
				GCC_WARN_UNDECLARED_SELECTOR = YES;
				GCC_WARN_UNINITIALIZED_AUTOS = YES_AGGRESSIVE;
				GCC_WARN_UNUSED_FUNCTION = YES;
				GCC_WARN_UNUSED_VARIABLE = YES;
				LOCALIZATION_PREFERS_STRING_CATALOGS = YES;
				MTL_ENABLE_DEBUG_INFO = NO;
				MTL_FAST_MATH = YES;
				SWIFT_COMPILATION_MODE = wholemodule;
			};
			name = Release;
		};
		35459AA22BF5E64F0049A19C /* Debug */ = {
			isa = XCBuildConfiguration;
			buildSettings = {
				ASSETCATALOG_COMPILER_APPICON_NAME = AppIcon;
				ASSETCATALOG_COMPILER_GLOBAL_ACCENT_COLOR_NAME = AccentColor;
				CODE_SIGN_ENTITLEMENTS = Allogdallog/Allogdallog.entitlements;
				CODE_SIGN_STYLE = Automatic;
				CURRENT_PROJECT_VERSION = 1;
				DEVELOPMENT_ASSET_PATHS = "\"Allogdallog/Preview Content\"";
				DEVELOPMENT_TEAM = C5BR2X737D;
				ENABLE_HARDENED_RUNTIME = YES;
				ENABLE_PREVIEWS = YES;
				GENERATE_INFOPLIST_FILE = YES;
				"INFOPLIST_KEY_UIApplicationSceneManifest_Generation[sdk=iphoneos*]" = YES;
				"INFOPLIST_KEY_UIApplicationSceneManifest_Generation[sdk=iphonesimulator*]" = YES;
				"INFOPLIST_KEY_UIApplicationSupportsIndirectInputEvents[sdk=iphoneos*]" = YES;
				"INFOPLIST_KEY_UIApplicationSupportsIndirectInputEvents[sdk=iphonesimulator*]" = YES;
				"INFOPLIST_KEY_UILaunchScreen_Generation[sdk=iphoneos*]" = YES;
				"INFOPLIST_KEY_UILaunchScreen_Generation[sdk=iphonesimulator*]" = YES;
				"INFOPLIST_KEY_UIStatusBarStyle[sdk=iphoneos*]" = UIStatusBarStyleDefault;
				"INFOPLIST_KEY_UIStatusBarStyle[sdk=iphonesimulator*]" = UIStatusBarStyleDefault;
				INFOPLIST_KEY_UISupportedInterfaceOrientations_iPad = "UIInterfaceOrientationPortrait UIInterfaceOrientationPortraitUpsideDown UIInterfaceOrientationLandscapeLeft UIInterfaceOrientationLandscapeRight";
				INFOPLIST_KEY_UISupportedInterfaceOrientations_iPhone = "UIInterfaceOrientationPortrait UIInterfaceOrientationLandscapeLeft UIInterfaceOrientationLandscapeRight";
				IPHONEOS_DEPLOYMENT_TARGET = 17.4;
				LD_RUNPATH_SEARCH_PATHS = "@executable_path/Frameworks";
				"LD_RUNPATH_SEARCH_PATHS[sdk=macosx*]" = "@executable_path/../Frameworks";
				MACOSX_DEPLOYMENT_TARGET = 14.4;
				MARKETING_VERSION = 1.0;
				PRODUCT_BUNDLE_IDENTIFIER = kr.co.capstone.Allogdallog;
				PRODUCT_NAME = "$(TARGET_NAME)";
				SDKROOT = auto;
				SUPPORTED_PLATFORMS = "iphoneos iphonesimulator macosx";
				SWIFT_EMIT_LOC_STRINGS = YES;
				SWIFT_VERSION = 5.0;
				TARGETED_DEVICE_FAMILY = "1,2";
			};
			name = Debug;
		};
		35459AA32BF5E64F0049A19C /* Release */ = {
			isa = XCBuildConfiguration;
			buildSettings = {
				ASSETCATALOG_COMPILER_APPICON_NAME = AppIcon;
				ASSETCATALOG_COMPILER_GLOBAL_ACCENT_COLOR_NAME = AccentColor;
				CODE_SIGN_ENTITLEMENTS = Allogdallog/Allogdallog.entitlements;
				CODE_SIGN_STYLE = Automatic;
				CURRENT_PROJECT_VERSION = 1;
				DEVELOPMENT_ASSET_PATHS = "\"Allogdallog/Preview Content\"";
				DEVELOPMENT_TEAM = C5BR2X737D;
				ENABLE_HARDENED_RUNTIME = YES;
				ENABLE_PREVIEWS = YES;
				GENERATE_INFOPLIST_FILE = YES;
				"INFOPLIST_KEY_UIApplicationSceneManifest_Generation[sdk=iphoneos*]" = YES;
				"INFOPLIST_KEY_UIApplicationSceneManifest_Generation[sdk=iphonesimulator*]" = YES;
				"INFOPLIST_KEY_UIApplicationSupportsIndirectInputEvents[sdk=iphoneos*]" = YES;
				"INFOPLIST_KEY_UIApplicationSupportsIndirectInputEvents[sdk=iphonesimulator*]" = YES;
				"INFOPLIST_KEY_UILaunchScreen_Generation[sdk=iphoneos*]" = YES;
				"INFOPLIST_KEY_UILaunchScreen_Generation[sdk=iphonesimulator*]" = YES;
				"INFOPLIST_KEY_UIStatusBarStyle[sdk=iphoneos*]" = UIStatusBarStyleDefault;
				"INFOPLIST_KEY_UIStatusBarStyle[sdk=iphonesimulator*]" = UIStatusBarStyleDefault;
				INFOPLIST_KEY_UISupportedInterfaceOrientations_iPad = "UIInterfaceOrientationPortrait UIInterfaceOrientationPortraitUpsideDown UIInterfaceOrientationLandscapeLeft UIInterfaceOrientationLandscapeRight";
				INFOPLIST_KEY_UISupportedInterfaceOrientations_iPhone = "UIInterfaceOrientationPortrait UIInterfaceOrientationLandscapeLeft UIInterfaceOrientationLandscapeRight";
				IPHONEOS_DEPLOYMENT_TARGET = 17.4;
				LD_RUNPATH_SEARCH_PATHS = "@executable_path/Frameworks";
				"LD_RUNPATH_SEARCH_PATHS[sdk=macosx*]" = "@executable_path/../Frameworks";
				MACOSX_DEPLOYMENT_TARGET = 14.4;
				MARKETING_VERSION = 1.0;
				PRODUCT_BUNDLE_IDENTIFIER = kr.co.capstone.Allogdallog;
				PRODUCT_NAME = "$(TARGET_NAME)";
				SDKROOT = auto;
				SUPPORTED_PLATFORMS = "iphoneos iphonesimulator macosx";
				SWIFT_EMIT_LOC_STRINGS = YES;
				SWIFT_VERSION = 5.0;
				TARGETED_DEVICE_FAMILY = "1,2";
			};
			name = Release;
		};
/* End XCBuildConfiguration section */

/* Begin XCConfigurationList section */
		35459A8D2BF5E64D0049A19C /* Build configuration list for PBXProject "Allogdallog" */ = {
			isa = XCConfigurationList;
			buildConfigurations = (
				35459A9F2BF5E64F0049A19C /* Debug */,
				35459AA02BF5E64F0049A19C /* Release */,
			);
			defaultConfigurationIsVisible = 0;
			defaultConfigurationName = Release;
		};
		35459AA12BF5E64F0049A19C /* Build configuration list for PBXNativeTarget "Allogdallog" */ = {
			isa = XCConfigurationList;
			buildConfigurations = (
				35459AA22BF5E64F0049A19C /* Debug */,
				35459AA32BF5E64F0049A19C /* Release */,
			);
			defaultConfigurationIsVisible = 0;
			defaultConfigurationName = Release;
		};
/* End XCConfigurationList section */

/* Begin XCRemoteSwiftPackageReference section */
		353367142C2175B4003C561C /* XCRemoteSwiftPackageReference "firebase-ios-sdk" */ = {
			isa = XCRemoteSwiftPackageReference;
			repositoryURL = "https://github.com/firebase/firebase-ios-sdk";
			requirement = {
				kind = upToNextMajorVersion;
				minimumVersion = 10.28.0;
			};
		};
/* End XCRemoteSwiftPackageReference section */

/* Begin XCSwiftPackageProductDependency section */
		353367152C2175B4003C561C /* FirebaseAnalytics */ = {
			isa = XCSwiftPackageProductDependency;
			package = 353367142C2175B4003C561C /* XCRemoteSwiftPackageReference "firebase-ios-sdk" */;
			productName = FirebaseAnalytics;
		};
		35D259BE2C3D3E590052127B /* FirebaseAnalyticsOnDeviceConversion */ = {
			isa = XCSwiftPackageProductDependency;
			package = 353367142C2175B4003C561C /* XCRemoteSwiftPackageReference "firebase-ios-sdk" */;
			productName = FirebaseAnalyticsOnDeviceConversion;
		};
		35D259C02C3D3E590052127B /* FirebaseAnalyticsSwift */ = {
			isa = XCSwiftPackageProductDependency;
			package = 353367142C2175B4003C561C /* XCRemoteSwiftPackageReference "firebase-ios-sdk" */;
			productName = FirebaseAnalyticsSwift;
		};
		35D259C22C3D3E590052127B /* FirebaseAnalyticsWithoutAdIdSupport */ = {
			isa = XCSwiftPackageProductDependency;
			package = 353367142C2175B4003C561C /* XCRemoteSwiftPackageReference "firebase-ios-sdk" */;
			productName = FirebaseAnalyticsWithoutAdIdSupport;
		};
		35D259C42C3D3E590052127B /* FirebaseAppCheck */ = {
			isa = XCSwiftPackageProductDependency;
			package = 353367142C2175B4003C561C /* XCRemoteSwiftPackageReference "firebase-ios-sdk" */;
			productName = FirebaseAppCheck;
		};
		35D259C62C3D3E590052127B /* FirebaseAppDistribution-Beta */ = {
			isa = XCSwiftPackageProductDependency;
			package = 353367142C2175B4003C561C /* XCRemoteSwiftPackageReference "firebase-ios-sdk" */;
			productName = "FirebaseAppDistribution-Beta";
		};
		35D259C82C3D3E590052127B /* FirebaseAuth */ = {
			isa = XCSwiftPackageProductDependency;
			package = 353367142C2175B4003C561C /* XCRemoteSwiftPackageReference "firebase-ios-sdk" */;
			productName = FirebaseAuth;
		};
		35D259CA2C3D3E590052127B /* FirebaseAuthCombine-Community */ = {
			isa = XCSwiftPackageProductDependency;
			package = 353367142C2175B4003C561C /* XCRemoteSwiftPackageReference "firebase-ios-sdk" */;
			productName = "FirebaseAuthCombine-Community";
		};
		35D259CC2C3D3E590052127B /* FirebaseCrashlytics */ = {
			isa = XCSwiftPackageProductDependency;
			package = 353367142C2175B4003C561C /* XCRemoteSwiftPackageReference "firebase-ios-sdk" */;
			productName = FirebaseCrashlytics;
		};
		35D259CE2C3D3E590052127B /* FirebaseDatabase */ = {
			isa = XCSwiftPackageProductDependency;
			package = 353367142C2175B4003C561C /* XCRemoteSwiftPackageReference "firebase-ios-sdk" */;
			productName = FirebaseDatabase;
		};
		35D259D02C3D3E590052127B /* FirebaseDatabaseSwift */ = {
			isa = XCSwiftPackageProductDependency;
			package = 353367142C2175B4003C561C /* XCRemoteSwiftPackageReference "firebase-ios-sdk" */;
			productName = FirebaseDatabaseSwift;
		};
		35D259D22C3D3E590052127B /* FirebaseDynamicLinks */ = {
			isa = XCSwiftPackageProductDependency;
			package = 353367142C2175B4003C561C /* XCRemoteSwiftPackageReference "firebase-ios-sdk" */;
			productName = FirebaseDynamicLinks;
		};
		35D259D42C3D3E590052127B /* FirebaseFirestore */ = {
			isa = XCSwiftPackageProductDependency;
			package = 353367142C2175B4003C561C /* XCRemoteSwiftPackageReference "firebase-ios-sdk" */;
			productName = FirebaseFirestore;
		};
		35D259D62C3D3E590052127B /* FirebaseFirestoreCombine-Community */ = {
			isa = XCSwiftPackageProductDependency;
			package = 353367142C2175B4003C561C /* XCRemoteSwiftPackageReference "firebase-ios-sdk" */;
			productName = "FirebaseFirestoreCombine-Community";
		};
		35D259D82C3D3E590052127B /* FirebaseFirestoreSwift */ = {
			isa = XCSwiftPackageProductDependency;
			package = 353367142C2175B4003C561C /* XCRemoteSwiftPackageReference "firebase-ios-sdk" */;
			productName = FirebaseFirestoreSwift;
		};
		35D259DA2C3D3E590052127B /* FirebaseFunctions */ = {
			isa = XCSwiftPackageProductDependency;
			package = 353367142C2175B4003C561C /* XCRemoteSwiftPackageReference "firebase-ios-sdk" */;
			productName = FirebaseFunctions;
		};
		35D259DC2C3D3E590052127B /* FirebaseFunctionsCombine-Community */ = {
			isa = XCSwiftPackageProductDependency;
			package = 353367142C2175B4003C561C /* XCRemoteSwiftPackageReference "firebase-ios-sdk" */;
			productName = "FirebaseFunctionsCombine-Community";
		};
		35D259DE2C3D3E590052127B /* FirebaseInAppMessaging-Beta */ = {
			isa = XCSwiftPackageProductDependency;
			package = 353367142C2175B4003C561C /* XCRemoteSwiftPackageReference "firebase-ios-sdk" */;
			productName = "FirebaseInAppMessaging-Beta";
		};
		35D259E02C3D3E590052127B /* FirebaseInAppMessagingSwift-Beta */ = {
			isa = XCSwiftPackageProductDependency;
			package = 353367142C2175B4003C561C /* XCRemoteSwiftPackageReference "firebase-ios-sdk" */;
			productName = "FirebaseInAppMessagingSwift-Beta";
		};
		35D259E22C3D3E5A0052127B /* FirebaseInstallations */ = {
			isa = XCSwiftPackageProductDependency;
			package = 353367142C2175B4003C561C /* XCRemoteSwiftPackageReference "firebase-ios-sdk" */;
			productName = FirebaseInstallations;
		};
		35D259E42C3D3E5A0052127B /* FirebaseMLModelDownloader */ = {
			isa = XCSwiftPackageProductDependency;
			package = 353367142C2175B4003C561C /* XCRemoteSwiftPackageReference "firebase-ios-sdk" */;
			productName = FirebaseMLModelDownloader;
		};
		35D259E62C3D3E5A0052127B /* FirebaseMessaging */ = {
			isa = XCSwiftPackageProductDependency;
			package = 353367142C2175B4003C561C /* XCRemoteSwiftPackageReference "firebase-ios-sdk" */;
			productName = FirebaseMessaging;
		};
		35D259E82C3D3E5A0052127B /* FirebasePerformance */ = {
			isa = XCSwiftPackageProductDependency;
			package = 353367142C2175B4003C561C /* XCRemoteSwiftPackageReference "firebase-ios-sdk" */;
			productName = FirebasePerformance;
		};
		35D259EA2C3D3E5A0052127B /* FirebaseRemoteConfig */ = {
			isa = XCSwiftPackageProductDependency;
			package = 353367142C2175B4003C561C /* XCRemoteSwiftPackageReference "firebase-ios-sdk" */;
			productName = FirebaseRemoteConfig;
		};
		35D259EC2C3D3E5A0052127B /* FirebaseRemoteConfigSwift */ = {
			isa = XCSwiftPackageProductDependency;
			package = 353367142C2175B4003C561C /* XCRemoteSwiftPackageReference "firebase-ios-sdk" */;
			productName = FirebaseRemoteConfigSwift;
		};
		35D259EE2C3D3E5A0052127B /* FirebaseStorage */ = {
			isa = XCSwiftPackageProductDependency;
			package = 353367142C2175B4003C561C /* XCRemoteSwiftPackageReference "firebase-ios-sdk" */;
			productName = FirebaseStorage;
		};
		35D259F02C3D3E5A0052127B /* FirebaseStorageCombine-Community */ = {
			isa = XCSwiftPackageProductDependency;
			package = 353367142C2175B4003C561C /* XCRemoteSwiftPackageReference "firebase-ios-sdk" */;
			productName = "FirebaseStorageCombine-Community";
		};
		35D259F22C3D3E5A0052127B /* FirebaseVertexAI-Preview */ = {
			isa = XCSwiftPackageProductDependency;
			package = 353367142C2175B4003C561C /* XCRemoteSwiftPackageReference "firebase-ios-sdk" */;
			productName = "FirebaseVertexAI-Preview";
		};
/* End XCSwiftPackageProductDependency section */
	};
	rootObject = 35459A8A2BF5E64D0049A19C /* Project object */;
}
